// !$*UTF8*$!
{
	archiveVersion = 1;
	classes = {
	};
	objectVersion = 50;
	objects = {

/* Begin PBXBuildFile section */
		82844E012673991F00578DD4 /* FirstfmApp.swift in Sources */ = {isa = PBXBuildFile; fileRef = 82844E002673991F00578DD4 /* FirstfmApp.swift */; };
		82844E052673992200578DD4 /* Assets.xcassets in Resources */ = {isa = PBXBuildFile; fileRef = 82844E042673992200578DD4 /* Assets.xcassets */; };
		82844E082673992200578DD4 /* Preview Assets.xcassets in Resources */ = {isa = PBXBuildFile; fileRef = 82844E072673992200578DD4 /* Preview Assets.xcassets */; };
		82FBAE392673B6CC000D8E29 /* ChartList.swift in Sources */ = {isa = PBXBuildFile; fileRef = 82FBAE332673B6CC000D8E29 /* ChartList.swift */; };
		82FBAE3B2673B6CC000D8E29 /* ArtistRow.swift in Sources */ = {isa = PBXBuildFile; fileRef = 82FBAE352673B6CC000D8E29 /* ArtistRow.swift */; };
		82FBAE3C2673B6CC000D8E29 /* ContentView.swift in Sources */ = {isa = PBXBuildFile; fileRef = 82FBAE362673B6CC000D8E29 /* ContentView.swift */; };
		82FBAE3F2674B589000D8E29 /* ImageCache.swift in Sources */ = {isa = PBXBuildFile; fileRef = 82FBAE3E2674B589000D8E29 /* ImageCache.swift */; };
		82FBAE412674B5A8000D8E29 /* ImageLoader.swift in Sources */ = {isa = PBXBuildFile; fileRef = 82FBAE402674B5A8000D8E29 /* ImageLoader.swift */; };
		82FBAE432674B5BC000D8E29 /* EnvironmentValues+ImageCache.swift in Sources */ = {isa = PBXBuildFile; fileRef = 82FBAE422674B5BC000D8E29 /* EnvironmentValues+ImageCache.swift */; };
		82FBAE452674B5D6000D8E29 /* AsyncImage.swift in Sources */ = {isa = PBXBuildFile; fileRef = 82FBAE442674B5D6000D8E29 /* AsyncImage.swift */; };
		82FBAE472674B8FC000D8E29 /* Artist.swift in Sources */ = {isa = PBXBuildFile; fileRef = 82FBAE462674B8FC000D8E29 /* Artist.swift */; };
		82FBAE492674BB55000D8E29 /* ChartViewModel.swift in Sources */ = {isa = PBXBuildFile; fileRef = 82FBAE482674BB55000D8E29 /* ChartViewModel.swift */; };
		82FBAE4C2674BCB7000D8E29 /* ArtistResponse.swift in Sources */ = {isa = PBXBuildFile; fileRef = 82FBAE4B2674BCB7000D8E29 /* ArtistResponse.swift */; };
		82FBAE4E2674BD02000D8E29 /* TopArtistsResponseArtistContainer.swift in Sources */ = {isa = PBXBuildFile; fileRef = 82FBAE4D2674BD02000D8E29 /* TopArtistsResponseArtistContainer.swift */; };
/* End PBXBuildFile section */

/* Begin PBXFileReference section */
		82844DFD2673991F00578DD4 /* firstfm.app */ = {isa = PBXFileReference; explicitFileType = wrapper.application; includeInIndex = 0; path = firstfm.app; sourceTree = BUILT_PRODUCTS_DIR; };
		82844E002673991F00578DD4 /* FirstfmApp.swift */ = {isa = PBXFileReference; lastKnownFileType = sourcecode.swift; path = FirstfmApp.swift; sourceTree = "<group>"; };
		82844E042673992200578DD4 /* Assets.xcassets */ = {isa = PBXFileReference; lastKnownFileType = folder.assetcatalog; path = Assets.xcassets; sourceTree = "<group>"; };
		82844E072673992200578DD4 /* Preview Assets.xcassets */ = {isa = PBXFileReference; lastKnownFileType = folder.assetcatalog; path = "Preview Assets.xcassets"; sourceTree = "<group>"; };
		82844E092673992200578DD4 /* Info.plist */ = {isa = PBXFileReference; lastKnownFileType = text.plist.xml; path = Info.plist; sourceTree = "<group>"; };
		82FBAE332673B6CC000D8E29 /* ChartList.swift */ = {isa = PBXFileReference; fileEncoding = 4; lastKnownFileType = sourcecode.swift; path = ChartList.swift; sourceTree = "<group>"; };
		82FBAE352673B6CC000D8E29 /* ArtistRow.swift */ = {isa = PBXFileReference; fileEncoding = 4; lastKnownFileType = sourcecode.swift; path = ArtistRow.swift; sourceTree = "<group>"; };
		82FBAE362673B6CC000D8E29 /* ContentView.swift */ = {isa = PBXFileReference; fileEncoding = 4; lastKnownFileType = sourcecode.swift; path = ContentView.swift; sourceTree = "<group>"; };
		82FBAE3E2674B589000D8E29 /* ImageCache.swift */ = {isa = PBXFileReference; lastKnownFileType = sourcecode.swift; path = ImageCache.swift; sourceTree = "<group>"; };
		82FBAE402674B5A8000D8E29 /* ImageLoader.swift */ = {isa = PBXFileReference; lastKnownFileType = sourcecode.swift; path = ImageLoader.swift; sourceTree = "<group>"; };
		82FBAE422674B5BC000D8E29 /* EnvironmentValues+ImageCache.swift */ = {isa = PBXFileReference; lastKnownFileType = sourcecode.swift; path = "EnvironmentValues+ImageCache.swift"; sourceTree = "<group>"; };
		82FBAE442674B5D6000D8E29 /* AsyncImage.swift */ = {isa = PBXFileReference; lastKnownFileType = sourcecode.swift; path = AsyncImage.swift; sourceTree = "<group>"; };
		82FBAE462674B8FC000D8E29 /* Artist.swift */ = {isa = PBXFileReference; lastKnownFileType = sourcecode.swift; path = Artist.swift; sourceTree = "<group>"; };
		82FBAE482674BB55000D8E29 /* ChartViewModel.swift */ = {isa = PBXFileReference; lastKnownFileType = sourcecode.swift; path = ChartViewModel.swift; sourceTree = "<group>"; };
		82FBAE4B2674BCB7000D8E29 /* ArtistResponse.swift */ = {isa = PBXFileReference; lastKnownFileType = sourcecode.swift; path = ArtistResponse.swift; sourceTree = "<group>"; };
		82FBAE4D2674BD02000D8E29 /* TopArtistsResponseArtistContainer.swift */ = {isa = PBXFileReference; lastKnownFileType = sourcecode.swift; path = TopArtistsResponseArtistContainer.swift; sourceTree = "<group>"; };
/* End PBXFileReference section */

/* Begin PBXFrameworksBuildPhase section */
		82844DFA2673991F00578DD4 /* Frameworks */ = {
			isa = PBXFrameworksBuildPhase;
			buildActionMask = 2147483647;
			files = (
			);
			runOnlyForDeploymentPostprocessing = 0;
		};
/* End PBXFrameworksBuildPhase section */

/* Begin PBXGroup section */
		82844DF42673991F00578DD4 = {
			isa = PBXGroup;
			children = (
				82844DFF2673991F00578DD4 /* firstfm */,
				82844DFE2673991F00578DD4 /* Products */,
			);
			sourceTree = "<group>";
		};
		82844DFE2673991F00578DD4 /* Products */ = {
			isa = PBXGroup;
			children = (
				82844DFD2673991F00578DD4 /* firstfm.app */,
			);
			name = Products;
			sourceTree = "<group>";
		};
		82844DFF2673991F00578DD4 /* firstfm */ = {
			isa = PBXGroup;
			children = (
				82FBAE3D2674B57F000D8E29 /* Image */,
				82FBAE302673B6CC000D8E29 /* Views */,
				82FBAE282673B5F5000D8E29 /* Data */,
				82844E002673991F00578DD4 /* FirstfmApp.swift */,
				82844E042673992200578DD4 /* Assets.xcassets */,
				82844E092673992200578DD4 /* Info.plist */,
				82844E062673992200578DD4 /* Preview Content */,
			);
			path = firstfm;
			sourceTree = "<group>";
		};
		82844E062673992200578DD4 /* Preview Content */ = {
			isa = PBXGroup;
			children = (
				82844E072673992200578DD4 /* Preview Assets.xcassets */,
			);
			path = "Preview Content";
			sourceTree = "<group>";
		};
		82D512F02674FE9600206EBB /* Entities */ = {
			isa = PBXGroup;
			children = (
				82FBAE462674B8FC000D8E29 /* Artist.swift */,
				82D512F12674FE9D00206EBB /* API */,
			);
			path = Entities;
			sourceTree = "<group>";
		};
		82D512F12674FE9D00206EBB /* API */ = {
			isa = PBXGroup;
			children = (
				82FBAE4D2674BD02000D8E29 /* TopArtistsResponseArtistContainer.swift */,
				82FBAE4B2674BCB7000D8E29 /* ArtistResponse.swift */,
			);
			path = API;
			sourceTree = "<group>";
		};
		82D512F22674FEB600206EBB /* ViewModel */ = {
			isa = PBXGroup;
			children = (
				82FBAE482674BB55000D8E29 /* ChartViewModel.swift */,
			);
			path = ViewModel;
			sourceTree = "<group>";
		};
		82FBAE282673B5F5000D8E29 /* Data */ = {
			isa = PBXGroup;
			children = (
				82D512F22674FEB600206EBB /* ViewModel */,
				82D512F02674FE9600206EBB /* Entities */,
			);
			path = Data;
			sourceTree = "<group>";
		};
		82FBAE302673B6CC000D8E29 /* Views */ = {
			isa = PBXGroup;
			children = (
				82FBAE332673B6CC000D8E29 /* ChartList.swift */,
				82FBAE352673B6CC000D8E29 /* ArtistRow.swift */,
				82FBAE362673B6CC000D8E29 /* ContentView.swift */,
			);
			name = Views;
			path = ../../../../../../Downloads/BuildingListsAndNavigation/Complete/Landmarks/Views;
			sourceTree = "<group>";
		};
		82FBAE3D2674B57F000D8E29 /* Image */ = {
			isa = PBXGroup;
			children = (
				82FBAE3E2674B589000D8E29 /* ImageCache.swift */,
				82FBAE402674B5A8000D8E29 /* ImageLoader.swift */,
				82FBAE422674B5BC000D8E29 /* EnvironmentValues+ImageCache.swift */,
				82FBAE442674B5D6000D8E29 /* AsyncImage.swift */,
			);
			path = Image;
			sourceTree = "<group>";
		};
/* End PBXGroup section */

/* Begin PBXNativeTarget section */
		82844DFC2673991F00578DD4 /* firstfm */ = {
			isa = PBXNativeTarget;
			buildConfigurationList = 82844E0C2673992200578DD4 /* Build configuration list for PBXNativeTarget "firstfm" */;
			buildPhases = (
				82844DF92673991F00578DD4 /* Sources */,
				82844DFA2673991F00578DD4 /* Frameworks */,
				82844DFB2673991F00578DD4 /* Resources */,
			);
			buildRules = (
			);
			dependencies = (
			);
			name = firstfm;
			productName = firstfm;
			productReference = 82844DFD2673991F00578DD4 /* firstfm.app */;
			productType = "com.apple.product-type.application";
		};
/* End PBXNativeTarget section */

/* Begin PBXProject section */
		82844DF52673991F00578DD4 /* Project object */ = {
			isa = PBXProject;
			attributes = {
				LastSwiftUpdateCheck = 1250;
				LastUpgradeCheck = 1250;
				TargetAttributes = {
					82844DFC2673991F00578DD4 = {
						CreatedOnToolsVersion = 12.5;
					};
				};
			};
			buildConfigurationList = 82844DF82673991F00578DD4 /* Build configuration list for PBXProject "firstfm" */;
			compatibilityVersion = "Xcode 9.3";
			developmentRegion = en;
			hasScannedForEncodings = 0;
			knownRegions = (
				en,
				Base,
			);
			mainGroup = 82844DF42673991F00578DD4;
			productRefGroup = 82844DFE2673991F00578DD4 /* Products */;
			projectDirPath = "";
			projectRoot = "";
			targets = (
				82844DFC2673991F00578DD4 /* firstfm */,
			);
		};
/* End PBXProject section */

/* Begin PBXResourcesBuildPhase section */
		82844DFB2673991F00578DD4 /* Resources */ = {
			isa = PBXResourcesBuildPhase;
			buildActionMask = 2147483647;
			files = (
				82844E082673992200578DD4 /* Preview Assets.xcassets in Resources */,
				82844E052673992200578DD4 /* Assets.xcassets in Resources */,
			);
			runOnlyForDeploymentPostprocessing = 0;
		};
/* End PBXResourcesBuildPhase section */

/* Begin PBXSourcesBuildPhase section */
		82844DF92673991F00578DD4 /* Sources */ = {
			isa = PBXSourcesBuildPhase;
			buildActionMask = 2147483647;
			files = (
				82FBAE3F2674B589000D8E29 /* ImageCache.swift in Sources */,
				82FBAE492674BB55000D8E29 /* ChartViewModel.swift in Sources */,
				82FBAE392673B6CC000D8E29 /* ChartList.swift in Sources */,
				82FBAE4E2674BD02000D8E29 /* TopArtistsResponseArtistContainer.swift in Sources */,
				82FBAE4C2674BCB7000D8E29 /* ArtistResponse.swift in Sources */,
				82FBAE432674B5BC000D8E29 /* EnvironmentValues+ImageCache.swift in Sources */,
				82FBAE472674B8FC000D8E29 /* Artist.swift in Sources */,
				82FBAE412674B5A8000D8E29 /* ImageLoader.swift in Sources */,
				82844E012673991F00578DD4 /* FirstfmApp.swift in Sources */,
				82FBAE3C2673B6CC000D8E29 /* ContentView.swift in Sources */,
				82FBAE452674B5D6000D8E29 /* AsyncImage.swift in Sources */,
				82FBAE3B2673B6CC000D8E29 /* ArtistRow.swift in Sources */,
			);
			runOnlyForDeploymentPostprocessing = 0;
		};
/* End PBXSourcesBuildPhase section */

/* Begin XCBuildConfiguration section */
		82844E0A2673992200578DD4 /* Debug */ = {
			isa = XCBuildConfiguration;
			buildSettings = {
				ALWAYS_SEARCH_USER_PATHS = NO;
				CLANG_ANALYZER_NONNULL = YES;
				CLANG_ANALYZER_NUMBER_OBJECT_CONVERSION = YES_AGGRESSIVE;
				CLANG_CXX_LANGUAGE_STANDARD = "gnu++14";
				CLANG_CXX_LIBRARY = "libc++";
				CLANG_ENABLE_MODULES = YES;
				CLANG_ENABLE_OBJC_ARC = YES;
				CLANG_ENABLE_OBJC_WEAK = YES;
				CLANG_WARN_BLOCK_CAPTURE_AUTORELEASING = YES;
				CLANG_WARN_BOOL_CONVERSION = YES;
				CLANG_WARN_COMMA = YES;
				CLANG_WARN_CONSTANT_CONVERSION = YES;
				CLANG_WARN_DEPRECATED_OBJC_IMPLEMENTATIONS = YES;
				CLANG_WARN_DIRECT_OBJC_ISA_USAGE = YES_ERROR;
				CLANG_WARN_DOCUMENTATION_COMMENTS = YES;
				CLANG_WARN_EMPTY_BODY = YES;
				CLANG_WARN_ENUM_CONVERSION = YES;
				CLANG_WARN_INFINITE_RECURSION = YES;
				CLANG_WARN_INT_CONVERSION = YES;
				CLANG_WARN_NON_LITERAL_NULL_CONVERSION = YES;
				CLANG_WARN_OBJC_IMPLICIT_RETAIN_SELF = YES;
				CLANG_WARN_OBJC_LITERAL_CONVERSION = YES;
				CLANG_WARN_OBJC_ROOT_CLASS = YES_ERROR;
				CLANG_WARN_QUOTED_INCLUDE_IN_FRAMEWORK_HEADER = YES;
				CLANG_WARN_RANGE_LOOP_ANALYSIS = YES;
				CLANG_WARN_STRICT_PROTOTYPES = YES;
				CLANG_WARN_SUSPICIOUS_MOVE = YES;
				CLANG_WARN_UNGUARDED_AVAILABILITY = YES_AGGRESSIVE;
				CLANG_WARN_UNREACHABLE_CODE = YES;
				CLANG_WARN__DUPLICATE_METHOD_MATCH = YES;
				COPY_PHASE_STRIP = NO;
				DEBUG_INFORMATION_FORMAT = dwarf;
				ENABLE_STRICT_OBJC_MSGSEND = YES;
				ENABLE_TESTABILITY = YES;
				GCC_C_LANGUAGE_STANDARD = gnu11;
				GCC_DYNAMIC_NO_PIC = NO;
				GCC_NO_COMMON_BLOCKS = YES;
				GCC_OPTIMIZATION_LEVEL = 0;
				GCC_PREPROCESSOR_DEFINITIONS = (
					"DEBUG=1",
					"$(inherited)",
				);
				GCC_WARN_64_TO_32_BIT_CONVERSION = YES;
				GCC_WARN_ABOUT_RETURN_TYPE = YES_ERROR;
				GCC_WARN_UNDECLARED_SELECTOR = YES;
				GCC_WARN_UNINITIALIZED_AUTOS = YES_AGGRESSIVE;
				GCC_WARN_UNUSED_FUNCTION = YES;
				GCC_WARN_UNUSED_VARIABLE = YES;
				IPHONEOS_DEPLOYMENT_TARGET = 14.5;
				MTL_ENABLE_DEBUG_INFO = INCLUDE_SOURCE;
				MTL_FAST_MATH = YES;
				ONLY_ACTIVE_ARCH = YES;
				SDKROOT = iphoneos;
				SWIFT_ACTIVE_COMPILATION_CONDITIONS = DEBUG;
				SWIFT_OPTIMIZATION_LEVEL = "-Onone";
			};
			name = Debug;
		};
		82844E0B2673992200578DD4 /* Release */ = {
			isa = XCBuildConfiguration;
			buildSettings = {
				ALWAYS_SEARCH_USER_PATHS = NO;
				CLANG_ANALYZER_NONNULL = YES;
				CLANG_ANALYZER_NUMBER_OBJECT_CONVERSION = YES_AGGRESSIVE;
				CLANG_CXX_LANGUAGE_STANDARD = "gnu++14";
				CLANG_CXX_LIBRARY = "libc++";
				CLANG_ENABLE_MODULES = YES;
				CLANG_ENABLE_OBJC_ARC = YES;
				CLANG_ENABLE_OBJC_WEAK = YES;
				CLANG_WARN_BLOCK_CAPTURE_AUTORELEASING = YES;
				CLANG_WARN_BOOL_CONVERSION = YES;
				CLANG_WARN_COMMA = YES;
				CLANG_WARN_CONSTANT_CONVERSION = YES;
				CLANG_WARN_DEPRECATED_OBJC_IMPLEMENTATIONS = YES;
				CLANG_WARN_DIRECT_OBJC_ISA_USAGE = YES_ERROR;
				CLANG_WARN_DOCUMENTATION_COMMENTS = YES;
				CLANG_WARN_EMPTY_BODY = YES;
				CLANG_WARN_ENUM_CONVERSION = YES;
				CLANG_WARN_INFINITE_RECURSION = YES;
				CLANG_WARN_INT_CONVERSION = YES;
				CLANG_WARN_NON_LITERAL_NULL_CONVERSION = YES;
				CLANG_WARN_OBJC_IMPLICIT_RETAIN_SELF = YES;
				CLANG_WARN_OBJC_LITERAL_CONVERSION = YES;
				CLANG_WARN_OBJC_ROOT_CLASS = YES_ERROR;
				CLANG_WARN_QUOTED_INCLUDE_IN_FRAMEWORK_HEADER = YES;
				CLANG_WARN_RANGE_LOOP_ANALYSIS = YES;
				CLANG_WARN_STRICT_PROTOTYPES = YES;
				CLANG_WARN_SUSPICIOUS_MOVE = YES;
				CLANG_WARN_UNGUARDED_AVAILABILITY = YES_AGGRESSIVE;
				CLANG_WARN_UNREACHABLE_CODE = YES;
				CLANG_WARN__DUPLICATE_METHOD_MATCH = YES;
				COPY_PHASE_STRIP = NO;
				DEBUG_INFORMATION_FORMAT = "dwarf-with-dsym";
				ENABLE_NS_ASSERTIONS = NO;
				ENABLE_STRICT_OBJC_MSGSEND = YES;
				GCC_C_LANGUAGE_STANDARD = gnu11;
				GCC_NO_COMMON_BLOCKS = YES;
				GCC_WARN_64_TO_32_BIT_CONVERSION = YES;
				GCC_WARN_ABOUT_RETURN_TYPE = YES_ERROR;
				GCC_WARN_UNDECLARED_SELECTOR = YES;
				GCC_WARN_UNINITIALIZED_AUTOS = YES_AGGRESSIVE;
				GCC_WARN_UNUSED_FUNCTION = YES;
				GCC_WARN_UNUSED_VARIABLE = YES;
				IPHONEOS_DEPLOYMENT_TARGET = 14.5;
				MTL_ENABLE_DEBUG_INFO = NO;
				MTL_FAST_MATH = YES;
				SDKROOT = iphoneos;
				SWIFT_COMPILATION_MODE = wholemodule;
				SWIFT_OPTIMIZATION_LEVEL = "-O";
				VALIDATE_PRODUCT = YES;
			};
			name = Release;
		};
		82844E0D2673992200578DD4 /* Debug */ = {
			isa = XCBuildConfiguration;
			buildSettings = {
				ASSETCATALOG_COMPILER_APPICON_NAME = AppIcon;
				ASSETCATALOG_COMPILER_GLOBAL_ACCENT_COLOR_NAME = AccentColor;
				CODE_SIGN_STYLE = Automatic;
				DEVELOPMENT_ASSET_PATHS = "\"firstfm/Preview Content\"";
				ENABLE_PREVIEWS = YES;
				INFOPLIST_FILE = firstfm/Info.plist;
				IPHONEOS_DEPLOYMENT_TARGET = 14.0;
				LD_RUNPATH_SEARCH_PATHS = (
					"$(inherited)",
					"@executable_path/Frameworks",
				);
				PRODUCT_BUNDLE_IDENTIFIER = fr.esgi.firstfm;
				PRODUCT_NAME = "$(TARGET_NAME)";
				SWIFT_VERSION = 5.0;
				TARGETED_DEVICE_FAMILY = "1,2";
			};
			name = Debug;
		};
		82844E0E2673992200578DD4 /* Release */ = {
			isa = XCBuildConfiguration;
			buildSettings = {
				ASSETCATALOG_COMPILER_APPICON_NAME = AppIcon;
				ASSETCATALOG_COMPILER_GLOBAL_ACCENT_COLOR_NAME = AccentColor;
				CODE_SIGN_STYLE = Automatic;
				DEVELOPMENT_ASSET_PATHS = "\"firstfm/Preview Content\"";
				ENABLE_PREVIEWS = YES;
				INFOPLIST_FILE = firstfm/Info.plist;
				IPHONEOS_DEPLOYMENT_TARGET = 14.0;
				LD_RUNPATH_SEARCH_PATHS = (
					"$(inherited)",
					"@executable_path/Frameworks",
				);
				PRODUCT_BUNDLE_IDENTIFIER = fr.esgi.firstfm;
				PRODUCT_NAME = "$(TARGET_NAME)";
				SWIFT_VERSION = 5.0;
				TARGETED_DEVICE_FAMILY = "1,2";
			};
			name = Release;
		};
/* End XCBuildConfiguration section */

/* Begin XCConfigurationList section */
		82844DF82673991F00578DD4 /* Build configuration list for PBXProject "firstfm" */ = {
			isa = XCConfigurationList;
			buildConfigurations = (
				82844E0A2673992200578DD4 /* Debug */,
				82844E0B2673992200578DD4 /* Release */,
			);
			defaultConfigurationIsVisible = 0;
			defaultConfigurationName = Release;
		};
		82844E0C2673992200578DD4 /* Build configuration list for PBXNativeTarget "firstfm" */ = {
			isa = XCConfigurationList;
			buildConfigurations = (
				82844E0D2673992200578DD4 /* Debug */,
				82844E0E2673992200578DD4 /* Release */,
			);
			defaultConfigurationIsVisible = 0;
			defaultConfigurationName = Release;
		};
/* End XCConfigurationList section */
	};
	rootObject = 82844DF52673991F00578DD4 /* Project object */;
}
