// !$*UTF8*$!
{
	archiveVersion = 1;
	classes = {
	};
	objectVersion = 52;
	objects = {

/* Begin PBXBuildFile section */
		4A56027A26A3B17800E6C315 /* AlbumRow.swift in Sources */ = {isa = PBXBuildFile; fileRef = 4A56027926A3B17800E6C315 /* AlbumRow.swift */; };
		4A69011626A34477001561C8 /* ArtistViewModel.swift in Sources */ = {isa = PBXBuildFile; fileRef = 4A69011526A34477001561C8 /* ArtistViewModel.swift */; };
		4A69011826A344FD001561C8 /* ArtistAlbum.swift in Sources */ = {isa = PBXBuildFile; fileRef = 4A69011726A344FD001561C8 /* ArtistAlbum.swift */; };
		4A69011A26A347C4001561C8 /* ArtistTopAlbumsResponse.swift in Sources */ = {isa = PBXBuildFile; fileRef = 4A69011926A347C4001561C8 /* ArtistTopAlbumsResponse.swift */; };
		4A69011C26A34962001561C8 /* ArtistTopTracksResponse.swift in Sources */ = {isa = PBXBuildFile; fileRef = 4A69011B26A34962001561C8 /* ArtistTopTracksResponse.swift */; };
		4A69012626A3A08F001561C8 /* SpotifyAlbumSearchResponse.swift in Sources */ = {isa = PBXBuildFile; fileRef = 4A69012526A3A08F001561C8 /* SpotifyAlbumSearchResponse.swift */; };
		4A8C296126983B7300F55ECC /* LastFMAPI.swift in Sources */ = {isa = PBXBuildFile; fileRef = 4A8C296026983B7300F55ECC /* LastFMAPI.swift */; };
		820455DA267A72390009A418 /* SpotifyToken.swift in Sources */ = {isa = PBXBuildFile; fileRef = 820455D9267A72390009A418 /* SpotifyToken.swift */; };
		820455DC267AA8E70009A418 /* LoginView.swift in Sources */ = {isa = PBXBuildFile; fileRef = 820455DB267AA8E70009A418 /* LoginView.swift */; };
		820455DE267AB7D70009A418 /* ProfileView.swift in Sources */ = {isa = PBXBuildFile; fileRef = 820455DD267AB7D70009A418 /* ProfileView.swift */; };
		820455E0267ABC930009A418 /* AuthViewModel.swift in Sources */ = {isa = PBXBuildFile; fileRef = 820455DF267ABC930009A418 /* AuthViewModel.swift */; };
		8214939D2694A4C2007A21C8 /* LoginGuardView.swift in Sources */ = {isa = PBXBuildFile; fileRef = 8214939C2694A4C2007A21C8 /* LoginGuardView.swift */; };
		821493A02694C349007A21C8 /* ProfileViewModel.swift in Sources */ = {isa = PBXBuildFile; fileRef = 8214939F2694C349007A21C8 /* ProfileViewModel.swift */; };
		821493A22694C38E007A21C8 /* User.swift in Sources */ = {isa = PBXBuildFile; fileRef = 821493A12694C38E007A21C8 /* User.swift */; };
		821493A42694C427007A21C8 /* UserInfoResponse.swift in Sources */ = {isa = PBXBuildFile; fileRef = 821493A32694C427007A21C8 /* UserInfoResponse.swift */; };
		8226AB2226998A86007ECE5F /* TopCountryViewModel.swift in Sources */ = {isa = PBXBuildFile; fileRef = 8226AB2126998A86007ECE5F /* TopCountryViewModel.swift */; };
		8226AB2426998FAB007ECE5F /* TopCountryArtistsResponse.swift in Sources */ = {isa = PBXBuildFile; fileRef = 8226AB2326998FAB007ECE5F /* TopCountryArtistsResponse.swift */; };
		822E9A8A26A89BFE00C5307B /* UserTopArtistsResponse.swift in Sources */ = {isa = PBXBuildFile; fileRef = 822E9A8926A89BFE00C5307B /* UserTopArtistsResponse.swift */; };
		822E9A8C26A8CFAC00C5307B /* TrackView.swift in Sources */ = {isa = PBXBuildFile; fileRef = 822E9A8B26A8CFAC00C5307B /* TrackView.swift */; };
		82505CDF2675074E00CCCB58 /* ArtistRow.swift in Sources */ = {isa = PBXBuildFile; fileRef = 82505CDC2675074E00CCCB58 /* ArtistRow.swift */; };
		82505CE02675074E00CCCB58 /* ChartListView.swift in Sources */ = {isa = PBXBuildFile; fileRef = 82505CDD2675074E00CCCB58 /* ChartListView.swift */; };
		82505CE12675074E00CCCB58 /* ContentView.swift in Sources */ = {isa = PBXBuildFile; fileRef = 82505CDE2675074E00CCCB58 /* ContentView.swift */; };
		82505CE42675178B00CCCB58 /* Kingfisher in Frameworks */ = {isa = PBXBuildFile; productRef = 82505CE32675178B00CCCB58 /* Kingfisher */; };
		82505CE72675300400CCCB58 /* SpotifyArtistSearchResponse.swift in Sources */ = {isa = PBXBuildFile; fileRef = 82505CE62675300400CCCB58 /* SpotifyArtistSearchResponse.swift */; };
		82505CE92675368400CCCB58 /* LastFMImage.swift in Sources */ = {isa = PBXBuildFile; fileRef = 82505CE82675368400CCCB58 /* LastFMImage.swift */; };
		8253DC0C26A0E10100F5F426 /* NotificationBannerSwift in Frameworks */ = {isa = PBXBuildFile; productRef = 8253DC0B26A0E10100F5F426 /* NotificationBannerSwift */; };
		825F0F8426A48597007BA84B /* FancyScrollView in Frameworks */ = {isa = PBXBuildFile; productRef = 825F0F8326A48597007BA84B /* FancyScrollView */; };
		825F0F8926A4B2E0007BA84B /* ArtistInfoResponse.swift in Sources */ = {isa = PBXBuildFile; fileRef = 825F0F8826A4B2E0007BA84B /* ArtistInfoResponse.swift */; };
		825F0F8B26A5B6E1007BA84B /* NumberFormat.swift in Sources */ = {isa = PBXBuildFile; fileRef = 825F0F8A26A5B6E1007BA84B /* NumberFormat.swift */; };
		825F0F8D26A5E8BB007BA84B /* ArtistInfo.swift in Sources */ = {isa = PBXBuildFile; fileRef = 825F0F8C26A5E8BB007BA84B /* ArtistInfo.swift */; };
		825F0F8F26A5E8D3007BA84B /* ArtistBio.swift in Sources */ = {isa = PBXBuildFile; fileRef = 825F0F8E26A5E8D3007BA84B /* ArtistBio.swift */; };
		825F0F9126A5E8F5007BA84B /* SimilarArtist.swift in Sources */ = {isa = PBXBuildFile; fileRef = 825F0F9026A5E8F5007BA84B /* SimilarArtist.swift */; };
		825F0F9326A5E90C007BA84B /* Tag.swift in Sources */ = {isa = PBXBuildFile; fileRef = 825F0F9226A5E90C007BA84B /* Tag.swift */; };
		825F0F9526A5E938007BA84B /* ArtistStats.swift in Sources */ = {isa = PBXBuildFile; fileRef = 825F0F9426A5E938007BA84B /* ArtistStats.swift */; };
		825F0F9C26A5EABE007BA84B /* SpotifyArtist.swift in Sources */ = {isa = PBXBuildFile; fileRef = 825F0F9B26A5EABE007BA84B /* SpotifyArtist.swift */; };
		825F0F9E26A5EAE7007BA84B /* SpotifyAlbum.swift in Sources */ = {isa = PBXBuildFile; fileRef = 825F0F9D26A5EAE7007BA84B /* SpotifyAlbum.swift */; };
		825F0FA026A5EC82007BA84B /* Session.swift in Sources */ = {isa = PBXBuildFile; fileRef = 825F0F9F26A5EC82007BA84B /* Session.swift */; };
		825F0FA126A5EDBB007BA84B /* ArtistSearchResponse.swift in Sources */ = {isa = PBXBuildFile; fileRef = 82F0D54E2697AC66007CEA98 /* ArtistSearchResponse.swift */; };
		825F0FA926A5F122007BA84B /* LogoutButton.swift in Sources */ = {isa = PBXBuildFile; fileRef = 825F0FA826A5F122007BA84B /* LogoutButton.swift */; };
		825F0FAF26A60E5C007BA84B /* Valet in Frameworks */ = {isa = PBXBuildFile; productRef = 825F0FAE26A60E5C007BA84B /* Valet */; };
		825F0FB126A60FD0007BA84B /* Keychain.swift in Sources */ = {isa = PBXBuildFile; fileRef = 825F0FB026A60FD0007BA84B /* Keychain.swift */; };
		825F0FBA26A61ED2007BA84B /* Cache in Frameworks */ = {isa = PBXBuildFile; productRef = 825F0FB926A61ED2007BA84B /* Cache */; };
		825F0FBF26A6F4D0007BA84B /* TintOverlayView.swift in Sources */ = {isa = PBXBuildFile; fileRef = 825F0FBE26A6F4D0007BA84B /* TintOverlayView.swift */; };
		825F0FC126A6F72F007BA84B /* ArtistInfoView.swift in Sources */ = {isa = PBXBuildFile; fileRef = 825F0FC026A6F72F007BA84B /* ArtistInfoView.swift */; };
		825F0FC326A721F7007BA84B /* TopArtistTracksView.swift in Sources */ = {isa = PBXBuildFile; fileRef = 825F0FC226A721F7007BA84B /* TopArtistTracksView.swift */; };
		825F0FC526A74539007BA84B /* TopArtistAlbumsView.swift in Sources */ = {isa = PBXBuildFile; fileRef = 825F0FC426A74539007BA84B /* TopArtistAlbumsView.swift */; };
		825F0FC726A74632007BA84B /* SimilarArtistsView.swift in Sources */ = {isa = PBXBuildFile; fileRef = 825F0FC626A74632007BA84B /* SimilarArtistsView.swift */; };
		826CBA992678EB8800B11170 /* ArtistView.swift in Sources */ = {isa = PBXBuildFile; fileRef = 826CBA982678EB8800B11170 /* ArtistView.swift */; };
		82844E012673991F00578DD4 /* FirstfmApp.swift in Sources */ = {isa = PBXBuildFile; fileRef = 82844E002673991F00578DD4 /* FirstfmApp.swift */; };
		82844E052673992200578DD4 /* Assets.xcassets in Resources */ = {isa = PBXBuildFile; fileRef = 82844E042673992200578DD4 /* Assets.xcassets */; };
		82844E082673992200578DD4 /* Preview Assets.xcassets in Resources */ = {isa = PBXBuildFile; fileRef = 82844E072673992200578DD4 /* Preview Assets.xcassets */; };
		82861BE526984FBA009E52AC /* TrendsMapView.swift in Sources */ = {isa = PBXBuildFile; fileRef = 82861BE426984FBA009E52AC /* TrendsMapView.swift */; };
		82A006B6267960710009BD71 /* TrackRowView.swift in Sources */ = {isa = PBXBuildFile; fileRef = 82A006B5267960710009BD71 /* TrackRowView.swift */; };
		82A006B8267960D90009BD71 /* Track.swift in Sources */ = {isa = PBXBuildFile; fileRef = 82A006B7267960D90009BD71 /* Track.swift */; };
		82A006BA267963010009BD71 /* TopTrackResponse.swift in Sources */ = {isa = PBXBuildFile; fileRef = 82A006B9267963010009BD71 /* TopTrackResponse.swift */; };
		82A006BE2679636F0009BD71 /* SpotifyTrackSearchResponse.swift in Sources */ = {isa = PBXBuildFile; fileRef = 82A006BD2679636F0009BD71 /* SpotifyTrackSearchResponse.swift */; };
		82A006C1267963BB0009BD71 /* SpotifyImage.swift in Sources */ = {isa = PBXBuildFile; fileRef = 82A006C0267963BB0009BD71 /* SpotifyImage.swift */; };
		82A006C3267973D30009BD71 /* SampleArtist.json in Resources */ = {isa = PBXBuildFile; fileRef = 82A006C2267973D30009BD71 /* SampleArtist.json */; };
		82A006C526797C3E0009BD71 /* SearchView.swift in Sources */ = {isa = PBXBuildFile; fileRef = 82A006C426797C3E0009BD71 /* SearchView.swift */; };
		82BBD2462698B13B009B42FC /* Country.swift in Sources */ = {isa = PBXBuildFile; fileRef = 82BBD2452698B13B009B42FC /* Country.swift */; };
		82BBD2482698B37F009B42FC /* TrendsViewModel.swift in Sources */ = {isa = PBXBuildFile; fileRef = 82BBD2472698B37F009B42FC /* TrendsViewModel.swift */; };
		82BBD24A2698C33D009B42FC /* TopCountryView.swift in Sources */ = {isa = PBXBuildFile; fileRef = 82BBD2492698C33D009B42FC /* TopCountryView.swift */; };
		82C282E026A2E474000E5F41 /* LoginResponse.swift in Sources */ = {isa = PBXBuildFile; fileRef = 82C282DF26A2E474000E5F41 /* LoginResponse.swift */; };
		82C282E226A31CFD000E5F41 /* StringMD5.swift in Sources */ = {isa = PBXBuildFile; fileRef = 82C282E126A31CFD000E5F41 /* StringMD5.swift */; };
		82C282E426A32B07000E5F41 /* FriendsView.swift in Sources */ = {isa = PBXBuildFile; fileRef = 82C282E326A32B07000E5F41 /* FriendsView.swift */; };
		82C282E626A32E94000E5F41 /* Friend.swift in Sources */ = {isa = PBXBuildFile; fileRef = 82C282E526A32E94000E5F41 /* Friend.swift */; };
		82C282E826A3332E000E5F41 /* FriendsResponse.swift in Sources */ = {isa = PBXBuildFile; fileRef = 82C282E726A3332E000E5F41 /* FriendsResponse.swift */; };
		82C282EA26A3354E000E5F41 /* FriendRow.swift in Sources */ = {isa = PBXBuildFile; fileRef = 82C282E926A3354E000E5F41 /* FriendRow.swift */; };
		82C282EC26A370D2000E5F41 /* ScobbledTrackViewModel.swift in Sources */ = {isa = PBXBuildFile; fileRef = 82C282EB26A370D2000E5F41 /* ScobbledTrackViewModel.swift */; };
		82D5B4D02696DB8500716931 /* ScrobblesView.swift in Sources */ = {isa = PBXBuildFile; fileRef = 82D5B4CF2696DB8400716931 /* ScrobblesView.swift */; };
		82D5B4D22696DBD700716931 /* ScrobblesViewModel.swift in Sources */ = {isa = PBXBuildFile; fileRef = 82D5B4D12696DBD700716931 /* ScrobblesViewModel.swift */; };
		82D5B4D42696DC7800716931 /* RecentTracksResponse.swift in Sources */ = {isa = PBXBuildFile; fileRef = 82D5B4D32696DC7800716931 /* RecentTracksResponse.swift */; };
		82D5B4D62696E0E100716931 /* ScrobbledTrackRowView.swift in Sources */ = {isa = PBXBuildFile; fileRef = 82D5B4D52696E0E100716931 /* ScrobbledTrackRowView.swift */; };
		82E80C39269777C60098DC3C /* SwiftUIRefresh in Frameworks */ = {isa = PBXBuildFile; productRef = 82E80C38269777C60098DC3C /* SwiftUIRefresh */; };
		82F0D54D2697AAC7007CEA98 /* SearchViewModel.swift in Sources */ = {isa = PBXBuildFile; fileRef = 82F0D54C2697AAC7007CEA98 /* SearchViewModel.swift */; };
		82FBAE472674B8FC000D8E29 /* Artist.swift in Sources */ = {isa = PBXBuildFile; fileRef = 82FBAE462674B8FC000D8E29 /* Artist.swift */; };
		82FBAE492674BB55000D8E29 /* ChartViewModel.swift in Sources */ = {isa = PBXBuildFile; fileRef = 82FBAE482674BB55000D8E29 /* ChartViewModel.swift */; };
		82FBAE4C2674BCB7000D8E29 /* TopArtistsResponse.swift in Sources */ = {isa = PBXBuildFile; fileRef = 82FBAE4B2674BCB7000D8E29 /* TopArtistsResponse.swift */; };
/* End PBXBuildFile section */

/* Begin PBXFileReference section */
		4A56027926A3B17800E6C315 /* AlbumRow.swift */ = {isa = PBXFileReference; fileEncoding = 4; lastKnownFileType = sourcecode.swift; path = AlbumRow.swift; sourceTree = "<group>"; };
		4A69011526A34477001561C8 /* ArtistViewModel.swift */ = {isa = PBXFileReference; lastKnownFileType = sourcecode.swift; path = ArtistViewModel.swift; sourceTree = "<group>"; };
		4A69011726A344FD001561C8 /* ArtistAlbum.swift */ = {isa = PBXFileReference; lastKnownFileType = sourcecode.swift; path = ArtistAlbum.swift; sourceTree = "<group>"; };
		4A69011926A347C4001561C8 /* ArtistTopAlbumsResponse.swift */ = {isa = PBXFileReference; fileEncoding = 4; lastKnownFileType = sourcecode.swift; path = ArtistTopAlbumsResponse.swift; sourceTree = "<group>"; };
		4A69011B26A34962001561C8 /* ArtistTopTracksResponse.swift */ = {isa = PBXFileReference; lastKnownFileType = sourcecode.swift; path = ArtistTopTracksResponse.swift; sourceTree = "<group>"; };
		4A69012526A3A08F001561C8 /* SpotifyAlbumSearchResponse.swift */ = {isa = PBXFileReference; lastKnownFileType = sourcecode.swift; path = SpotifyAlbumSearchResponse.swift; sourceTree = "<group>"; };
		4A8C296026983B7300F55ECC /* LastFMAPI.swift */ = {isa = PBXFileReference; lastKnownFileType = sourcecode.swift; path = LastFMAPI.swift; sourceTree = "<group>"; };
		820455D9267A72390009A418 /* SpotifyToken.swift */ = {isa = PBXFileReference; lastKnownFileType = sourcecode.swift; path = SpotifyToken.swift; sourceTree = "<group>"; };
		820455DB267AA8E70009A418 /* LoginView.swift */ = {isa = PBXFileReference; lastKnownFileType = sourcecode.swift; path = LoginView.swift; sourceTree = "<group>"; };
		820455DD267AB7D70009A418 /* ProfileView.swift */ = {isa = PBXFileReference; lastKnownFileType = sourcecode.swift; path = ProfileView.swift; sourceTree = "<group>"; };
		820455DF267ABC930009A418 /* AuthViewModel.swift */ = {isa = PBXFileReference; lastKnownFileType = sourcecode.swift; path = AuthViewModel.swift; sourceTree = "<group>"; };
		8214939C2694A4C2007A21C8 /* LoginGuardView.swift */ = {isa = PBXFileReference; lastKnownFileType = sourcecode.swift; path = LoginGuardView.swift; sourceTree = "<group>"; };
		8214939F2694C349007A21C8 /* ProfileViewModel.swift */ = {isa = PBXFileReference; lastKnownFileType = sourcecode.swift; path = ProfileViewModel.swift; sourceTree = "<group>"; };
		821493A12694C38E007A21C8 /* User.swift */ = {isa = PBXFileReference; lastKnownFileType = sourcecode.swift; path = User.swift; sourceTree = "<group>"; };
		821493A32694C427007A21C8 /* UserInfoResponse.swift */ = {isa = PBXFileReference; lastKnownFileType = sourcecode.swift; path = UserInfoResponse.swift; sourceTree = "<group>"; };
		8226AB2126998A86007ECE5F /* TopCountryViewModel.swift */ = {isa = PBXFileReference; lastKnownFileType = sourcecode.swift; path = TopCountryViewModel.swift; sourceTree = "<group>"; };
		8226AB2326998FAB007ECE5F /* TopCountryArtistsResponse.swift */ = {isa = PBXFileReference; lastKnownFileType = sourcecode.swift; path = TopCountryArtistsResponse.swift; sourceTree = "<group>"; };
		822E9A8926A89BFE00C5307B /* UserTopArtistsResponse.swift */ = {isa = PBXFileReference; lastKnownFileType = sourcecode.swift; path = UserTopArtistsResponse.swift; sourceTree = "<group>"; };
		822E9A8B26A8CFAC00C5307B /* TrackView.swift */ = {isa = PBXFileReference; lastKnownFileType = sourcecode.swift; path = TrackView.swift; sourceTree = "<group>"; };
		82505CDC2675074E00CCCB58 /* ArtistRow.swift */ = {isa = PBXFileReference; fileEncoding = 4; lastKnownFileType = sourcecode.swift; path = ArtistRow.swift; sourceTree = "<group>"; };
		82505CDD2675074E00CCCB58 /* ChartListView.swift */ = {isa = PBXFileReference; fileEncoding = 4; lastKnownFileType = sourcecode.swift; path = ChartListView.swift; sourceTree = "<group>"; };
		82505CDE2675074E00CCCB58 /* ContentView.swift */ = {isa = PBXFileReference; fileEncoding = 4; lastKnownFileType = sourcecode.swift; path = ContentView.swift; sourceTree = "<group>"; };
		82505CE62675300400CCCB58 /* SpotifyArtistSearchResponse.swift */ = {isa = PBXFileReference; lastKnownFileType = sourcecode.swift; path = SpotifyArtistSearchResponse.swift; sourceTree = "<group>"; };
		82505CE82675368400CCCB58 /* LastFMImage.swift */ = {isa = PBXFileReference; lastKnownFileType = sourcecode.swift; path = LastFMImage.swift; sourceTree = "<group>"; };
		825F0F8826A4B2E0007BA84B /* ArtistInfoResponse.swift */ = {isa = PBXFileReference; lastKnownFileType = sourcecode.swift; path = ArtistInfoResponse.swift; sourceTree = "<group>"; };
		825F0F8A26A5B6E1007BA84B /* NumberFormat.swift */ = {isa = PBXFileReference; lastKnownFileType = sourcecode.swift; path = NumberFormat.swift; sourceTree = "<group>"; };
		825F0F8C26A5E8BB007BA84B /* ArtistInfo.swift */ = {isa = PBXFileReference; lastKnownFileType = sourcecode.swift; path = ArtistInfo.swift; sourceTree = "<group>"; };
		825F0F8E26A5E8D3007BA84B /* ArtistBio.swift */ = {isa = PBXFileReference; lastKnownFileType = sourcecode.swift; path = ArtistBio.swift; sourceTree = "<group>"; };
		825F0F9026A5E8F5007BA84B /* SimilarArtist.swift */ = {isa = PBXFileReference; lastKnownFileType = sourcecode.swift; path = SimilarArtist.swift; sourceTree = "<group>"; };
		825F0F9226A5E90C007BA84B /* Tag.swift */ = {isa = PBXFileReference; lastKnownFileType = sourcecode.swift; path = Tag.swift; sourceTree = "<group>"; };
		825F0F9426A5E938007BA84B /* ArtistStats.swift */ = {isa = PBXFileReference; lastKnownFileType = sourcecode.swift; path = ArtistStats.swift; sourceTree = "<group>"; };
		825F0F9B26A5EABE007BA84B /* SpotifyArtist.swift */ = {isa = PBXFileReference; lastKnownFileType = sourcecode.swift; path = SpotifyArtist.swift; sourceTree = "<group>"; };
		825F0F9D26A5EAE7007BA84B /* SpotifyAlbum.swift */ = {isa = PBXFileReference; lastKnownFileType = sourcecode.swift; path = SpotifyAlbum.swift; sourceTree = "<group>"; };
		825F0F9F26A5EC82007BA84B /* Session.swift */ = {isa = PBXFileReference; lastKnownFileType = sourcecode.swift; path = Session.swift; sourceTree = "<group>"; };
		825F0FA826A5F122007BA84B /* LogoutButton.swift */ = {isa = PBXFileReference; lastKnownFileType = sourcecode.swift; path = LogoutButton.swift; sourceTree = "<group>"; };
		825F0FB026A60FD0007BA84B /* Keychain.swift */ = {isa = PBXFileReference; lastKnownFileType = sourcecode.swift; path = Keychain.swift; sourceTree = "<group>"; };
		825F0FBE26A6F4D0007BA84B /* TintOverlayView.swift */ = {isa = PBXFileReference; lastKnownFileType = sourcecode.swift; path = TintOverlayView.swift; sourceTree = "<group>"; };
		825F0FC026A6F72F007BA84B /* ArtistInfoView.swift */ = {isa = PBXFileReference; lastKnownFileType = sourcecode.swift; path = ArtistInfoView.swift; sourceTree = "<group>"; };
		825F0FC226A721F7007BA84B /* TopArtistTracksView.swift */ = {isa = PBXFileReference; lastKnownFileType = sourcecode.swift; path = TopArtistTracksView.swift; sourceTree = "<group>"; };
		825F0FC426A74539007BA84B /* TopArtistAlbumsView.swift */ = {isa = PBXFileReference; lastKnownFileType = sourcecode.swift; path = TopArtistAlbumsView.swift; sourceTree = "<group>"; };
		825F0FC626A74632007BA84B /* SimilarArtistsView.swift */ = {isa = PBXFileReference; lastKnownFileType = sourcecode.swift; path = SimilarArtistsView.swift; sourceTree = "<group>"; };
		826CBA982678EB8800B11170 /* ArtistView.swift */ = {isa = PBXFileReference; lastKnownFileType = sourcecode.swift; path = ArtistView.swift; sourceTree = "<group>"; };
		82844DFD2673991F00578DD4 /* firstfm.app */ = {isa = PBXFileReference; explicitFileType = wrapper.application; includeInIndex = 0; path = firstfm.app; sourceTree = BUILT_PRODUCTS_DIR; };
		82844E002673991F00578DD4 /* FirstfmApp.swift */ = {isa = PBXFileReference; lastKnownFileType = sourcecode.swift; path = FirstfmApp.swift; sourceTree = "<group>"; };
		82844E042673992200578DD4 /* Assets.xcassets */ = {isa = PBXFileReference; lastKnownFileType = folder.assetcatalog; path = Assets.xcassets; sourceTree = "<group>"; };
		82844E072673992200578DD4 /* Preview Assets.xcassets */ = {isa = PBXFileReference; lastKnownFileType = folder.assetcatalog; path = "Preview Assets.xcassets"; sourceTree = "<group>"; };
		82844E092673992200578DD4 /* Info.plist */ = {isa = PBXFileReference; lastKnownFileType = text.plist.xml; path = Info.plist; sourceTree = "<group>"; };
		82861BE426984FBA009E52AC /* TrendsMapView.swift */ = {isa = PBXFileReference; lastKnownFileType = sourcecode.swift; path = TrendsMapView.swift; sourceTree = "<group>"; };
		82A006B5267960710009BD71 /* TrackRowView.swift */ = {isa = PBXFileReference; lastKnownFileType = sourcecode.swift; path = TrackRowView.swift; sourceTree = "<group>"; };
		82A006B7267960D90009BD71 /* Track.swift */ = {isa = PBXFileReference; lastKnownFileType = sourcecode.swift; path = Track.swift; sourceTree = "<group>"; };
		82A006B9267963010009BD71 /* TopTrackResponse.swift */ = {isa = PBXFileReference; lastKnownFileType = sourcecode.swift; path = TopTrackResponse.swift; sourceTree = "<group>"; };
		82A006BD2679636F0009BD71 /* SpotifyTrackSearchResponse.swift */ = {isa = PBXFileReference; lastKnownFileType = sourcecode.swift; path = SpotifyTrackSearchResponse.swift; sourceTree = "<group>"; };
		82A006C0267963BB0009BD71 /* SpotifyImage.swift */ = {isa = PBXFileReference; lastKnownFileType = sourcecode.swift; path = SpotifyImage.swift; sourceTree = "<group>"; };
		82A006C2267973D30009BD71 /* SampleArtist.json */ = {isa = PBXFileReference; lastKnownFileType = text.json; path = SampleArtist.json; sourceTree = "<group>"; };
		82A006C426797C3E0009BD71 /* SearchView.swift */ = {isa = PBXFileReference; lastKnownFileType = sourcecode.swift; path = SearchView.swift; sourceTree = "<group>"; };
		82BBD2452698B13B009B42FC /* Country.swift */ = {isa = PBXFileReference; lastKnownFileType = sourcecode.swift; path = Country.swift; sourceTree = "<group>"; };
		82BBD2472698B37F009B42FC /* TrendsViewModel.swift */ = {isa = PBXFileReference; lastKnownFileType = sourcecode.swift; path = TrendsViewModel.swift; sourceTree = "<group>"; };
		82BBD2492698C33D009B42FC /* TopCountryView.swift */ = {isa = PBXFileReference; lastKnownFileType = sourcecode.swift; path = TopCountryView.swift; sourceTree = "<group>"; };
		82C282DF26A2E474000E5F41 /* LoginResponse.swift */ = {isa = PBXFileReference; lastKnownFileType = sourcecode.swift; path = LoginResponse.swift; sourceTree = "<group>"; };
		82C282E126A31CFD000E5F41 /* StringMD5.swift */ = {isa = PBXFileReference; lastKnownFileType = sourcecode.swift; path = StringMD5.swift; sourceTree = "<group>"; };
		82C282E326A32B07000E5F41 /* FriendsView.swift */ = {isa = PBXFileReference; lastKnownFileType = sourcecode.swift; path = FriendsView.swift; sourceTree = "<group>"; };
		82C282E526A32E94000E5F41 /* Friend.swift */ = {isa = PBXFileReference; lastKnownFileType = sourcecode.swift; path = Friend.swift; sourceTree = "<group>"; };
		82C282E726A3332E000E5F41 /* FriendsResponse.swift */ = {isa = PBXFileReference; lastKnownFileType = sourcecode.swift; path = FriendsResponse.swift; sourceTree = "<group>"; };
		82C282E926A3354E000E5F41 /* FriendRow.swift */ = {isa = PBXFileReference; lastKnownFileType = sourcecode.swift; path = FriendRow.swift; sourceTree = "<group>"; };
		82C282EB26A370D2000E5F41 /* ScobbledTrackViewModel.swift */ = {isa = PBXFileReference; lastKnownFileType = sourcecode.swift; path = ScobbledTrackViewModel.swift; sourceTree = "<group>"; };
		82D5B4CF2696DB8400716931 /* ScrobblesView.swift */ = {isa = PBXFileReference; lastKnownFileType = sourcecode.swift; path = ScrobblesView.swift; sourceTree = "<group>"; };
		82D5B4D12696DBD700716931 /* ScrobblesViewModel.swift */ = {isa = PBXFileReference; lastKnownFileType = sourcecode.swift; path = ScrobblesViewModel.swift; sourceTree = "<group>"; };
		82D5B4D32696DC7800716931 /* RecentTracksResponse.swift */ = {isa = PBXFileReference; lastKnownFileType = sourcecode.swift; path = RecentTracksResponse.swift; sourceTree = "<group>"; };
		82D5B4D52696E0E100716931 /* ScrobbledTrackRowView.swift */ = {isa = PBXFileReference; lastKnownFileType = sourcecode.swift; path = ScrobbledTrackRowView.swift; sourceTree = "<group>"; };
		82F0D54C2697AAC7007CEA98 /* SearchViewModel.swift */ = {isa = PBXFileReference; lastKnownFileType = sourcecode.swift; path = SearchViewModel.swift; sourceTree = "<group>"; };
		82F0D54E2697AC66007CEA98 /* ArtistSearchResponse.swift */ = {isa = PBXFileReference; lastKnownFileType = sourcecode.swift; path = ArtistSearchResponse.swift; sourceTree = "<group>"; };
		82FBAE462674B8FC000D8E29 /* Artist.swift */ = {isa = PBXFileReference; lastKnownFileType = sourcecode.swift; path = Artist.swift; sourceTree = "<group>"; };
		82FBAE482674BB55000D8E29 /* ChartViewModel.swift */ = {isa = PBXFileReference; lastKnownFileType = sourcecode.swift; path = ChartViewModel.swift; sourceTree = "<group>"; };
		82FBAE4B2674BCB7000D8E29 /* TopArtistsResponse.swift */ = {isa = PBXFileReference; lastKnownFileType = sourcecode.swift; path = TopArtistsResponse.swift; sourceTree = "<group>"; };
/* End PBXFileReference section */

/* Begin PBXFrameworksBuildPhase section */
		82844DFA2673991F00578DD4 /* Frameworks */ = {
			isa = PBXFrameworksBuildPhase;
			buildActionMask = 2147483647;
			files = (
				82E80C39269777C60098DC3C /* SwiftUIRefresh in Frameworks */,
				825F0FAF26A60E5C007BA84B /* Valet in Frameworks */,
				8253DC0C26A0E10100F5F426 /* NotificationBannerSwift in Frameworks */,
				825F0FBA26A61ED2007BA84B /* Cache in Frameworks */,
				825F0F8426A48597007BA84B /* FancyScrollView in Frameworks */,
				82505CE42675178B00CCCB58 /* Kingfisher in Frameworks */,
			);
			runOnlyForDeploymentPostprocessing = 0;
		};
/* End PBXFrameworksBuildPhase section */

/* Begin PBXGroup section */
		4A8C295F26983B6700F55ECC /* Service */ = {
			isa = PBXGroup;
			children = (
				4A8C296026983B7300F55ECC /* LastFMAPI.swift */,
				825F0FB026A60FD0007BA84B /* Keychain.swift */,
			);
			path = Service;
			sourceTree = "<group>";
		};
		8214939E2694BA75007A21C8 /* SubViews */ = {
			isa = PBXGroup;
			children = (
				82505CDC2675074E00CCCB58 /* ArtistRow.swift */,
				4A56027926A3B17800E6C315 /* AlbumRow.swift */,
				82A006B5267960710009BD71 /* TrackRowView.swift */,
			);
			path = SubViews;
			sourceTree = "<group>";
		};
		82505CDB2675074E00CCCB58 /* Views */ = {
			isa = PBXGroup;
			children = (
				825F0FBD26A6F4C2007BA84B /* Artist */,
				825F0FAC26A5F172007BA84B /* Trends */,
				825F0FAB26A5F15A007BA84B /* Scrobbles */,
				825F0FAA26A5F135007BA84B /* Login */,
				825F0FA426A5F0C9007BA84B /* Profile */,
				8214939E2694BA75007A21C8 /* SubViews */,
				82505CDD2675074E00CCCB58 /* ChartListView.swift */,
				82505CDE2675074E00CCCB58 /* ContentView.swift */,
				82A006C426797C3E0009BD71 /* SearchView.swift */,
				822E9A8B26A8CFAC00C5307B /* TrackView.swift */,
			);
			name = Views;
			path = firstfm/Views;
			sourceTree = SOURCE_ROOT;
		};
		825F0F9726A5EA75007BA84B /* Spotify */ = {
			isa = PBXGroup;
			children = (
				825F0F9A26A5EA97007BA84B /* API */,
				825F0F9B26A5EABE007BA84B /* SpotifyArtist.swift */,
				82A006C0267963BB0009BD71 /* SpotifyImage.swift */,
				825F0F9D26A5EAE7007BA84B /* SpotifyAlbum.swift */,
			);
			path = Spotify;
			sourceTree = "<group>";
		};
		825F0F9926A5EA8D007BA84B /* API */ = {
			isa = PBXGroup;
			children = (
				825F0F8826A4B2E0007BA84B /* ArtistInfoResponse.swift */,
				82FBAE4B2674BCB7000D8E29 /* TopArtistsResponse.swift */,
				82F0D54E2697AC66007CEA98 /* ArtistSearchResponse.swift */,
				4A69011926A347C4001561C8 /* ArtistTopAlbumsResponse.swift */,
				4A69011B26A34962001561C8 /* ArtistTopTracksResponse.swift */,
				82C282E726A3332E000E5F41 /* FriendsResponse.swift */,
				82C282DF26A2E474000E5F41 /* LoginResponse.swift */,
				82D5B4D32696DC7800716931 /* RecentTracksResponse.swift */,
				8226AB2326998FAB007ECE5F /* TopCountryArtistsResponse.swift */,
				82A006B9267963010009BD71 /* TopTrackResponse.swift */,
				821493A32694C427007A21C8 /* UserInfoResponse.swift */,
				822E9A8926A89BFE00C5307B /* UserTopArtistsResponse.swift */,
			);
			path = API;
			sourceTree = "<group>";
		};
		825F0F9A26A5EA97007BA84B /* API */ = {
			isa = PBXGroup;
			children = (
				82505CE62675300400CCCB58 /* SpotifyArtistSearchResponse.swift */,
				82A006BD2679636F0009BD71 /* SpotifyTrackSearchResponse.swift */,
				4A69012526A3A08F001561C8 /* SpotifyAlbumSearchResponse.swift */,
				820455D9267A72390009A418 /* SpotifyToken.swift */,
			);
			path = API;
			sourceTree = "<group>";
		};
		825F0FA226A5EE6B007BA84B /* LastFM */ = {
			isa = PBXGroup;
			children = (
				825F0F9926A5EA8D007BA84B /* API */,
				82FBAE462674B8FC000D8E29 /* Artist.swift */,
				4A69011726A344FD001561C8 /* ArtistAlbum.swift */,
				825F0F8E26A5E8D3007BA84B /* ArtistBio.swift */,
				825F0F8C26A5E8BB007BA84B /* ArtistInfo.swift */,
				825F0F9426A5E938007BA84B /* ArtistStats.swift */,
				82BBD2452698B13B009B42FC /* Country.swift */,
				82C282E526A32E94000E5F41 /* Friend.swift */,
				82505CE82675368400CCCB58 /* LastFMImage.swift */,
				825F0F9026A5E8F5007BA84B /* SimilarArtist.swift */,
				825F0F9226A5E90C007BA84B /* Tag.swift */,
				82A006B7267960D90009BD71 /* Track.swift */,
				821493A12694C38E007A21C8 /* User.swift */,
				825F0F9F26A5EC82007BA84B /* Session.swift */,
			);
			path = LastFM;
			sourceTree = "<group>";
		};
		825F0FA326A5EFD8007BA84B /* Extension */ = {
			isa = PBXGroup;
			children = (
				82C282E126A31CFD000E5F41 /* StringMD5.swift */,
				825F0F8A26A5B6E1007BA84B /* NumberFormat.swift */,
			);
			path = Extension;
			sourceTree = "<group>";
		};
		825F0FA426A5F0C9007BA84B /* Profile */ = {
			isa = PBXGroup;
			children = (
				820455DD267AB7D70009A418 /* ProfileView.swift */,
				82C282E326A32B07000E5F41 /* FriendsView.swift */,
				82C282E926A3354E000E5F41 /* FriendRow.swift */,
				825F0FA826A5F122007BA84B /* LogoutButton.swift */,
			);
			path = Profile;
			sourceTree = "<group>";
		};
		825F0FAA26A5F135007BA84B /* Login */ = {
			isa = PBXGroup;
			children = (
				8214939C2694A4C2007A21C8 /* LoginGuardView.swift */,
				820455DB267AA8E70009A418 /* LoginView.swift */,
			);
			path = Login;
			sourceTree = "<group>";
		};
		825F0FAB26A5F15A007BA84B /* Scrobbles */ = {
			isa = PBXGroup;
			children = (
				82D5B4D52696E0E100716931 /* ScrobbledTrackRowView.swift */,
				82D5B4CF2696DB8400716931 /* ScrobblesView.swift */,
			);
			path = Scrobbles;
			sourceTree = "<group>";
		};
		825F0FAC26A5F172007BA84B /* Trends */ = {
			isa = PBXGroup;
			children = (
				82BBD2492698C33D009B42FC /* TopCountryView.swift */,
				82861BE426984FBA009E52AC /* TrendsMapView.swift */,
			);
			path = Trends;
			sourceTree = "<group>";
		};
		825F0FBD26A6F4C2007BA84B /* Artist */ = {
			isa = PBXGroup;
			children = (
				825F0FC026A6F72F007BA84B /* ArtistInfoView.swift */,
				826CBA982678EB8800B11170 /* ArtistView.swift */,
				825F0FC626A74632007BA84B /* SimilarArtistsView.swift */,
				825F0FBE26A6F4D0007BA84B /* TintOverlayView.swift */,
				825F0FC426A74539007BA84B /* TopArtistAlbumsView.swift */,
				825F0FC226A721F7007BA84B /* TopArtistTracksView.swift */,
			);
			path = Artist;
			sourceTree = "<group>";
		};
		82844DF42673991F00578DD4 = {
			isa = PBXGroup;
			children = (
				82844DFF2673991F00578DD4 /* firstfm */,
				82844DFE2673991F00578DD4 /* Products */,
			);
			sourceTree = "<group>";
		};
		82844DFE2673991F00578DD4 /* Products */ = {
			isa = PBXGroup;
			children = (
				82844DFD2673991F00578DD4 /* firstfm.app */,
			);
			name = Products;
			sourceTree = "<group>";
		};
		82844DFF2673991F00578DD4 /* firstfm */ = {
			isa = PBXGroup;
			children = (
				82844E042673992200578DD4 /* Assets.xcassets */,
				825F0FA326A5EFD8007BA84B /* Extension */,
				82844E002673991F00578DD4 /* FirstfmApp.swift */,
				82844E092673992200578DD4 /* Info.plist */,
				82D512F02674FE9600206EBB /* Models */,
				82844E062673992200578DD4 /* Preview Content */,
				4A8C295F26983B6700F55ECC /* Service */,
				82D512F22674FEB600206EBB /* ViewModel */,
				82505CDB2675074E00CCCB58 /* Views */,
			);
			path = firstfm;
			sourceTree = "<group>";
		};
		82844E062673992200578DD4 /* Preview Content */ = {
			isa = PBXGroup;
			children = (
				82844E072673992200578DD4 /* Preview Assets.xcassets */,
				82A006C2267973D30009BD71 /* SampleArtist.json */,
			);
			path = "Preview Content";
			sourceTree = "<group>";
		};
		82D512F02674FE9600206EBB /* Models */ = {
			isa = PBXGroup;
			children = (
				825F0FA226A5EE6B007BA84B /* LastFM */,
				825F0F9726A5EA75007BA84B /* Spotify */,
			);
			path = Models;
			sourceTree = "<group>";
		};
		82D512F22674FEB600206EBB /* ViewModel */ = {
			isa = PBXGroup;
			children = (
				4A69011526A34477001561C8 /* ArtistViewModel.swift */,
				820455DF267ABC930009A418 /* AuthViewModel.swift */,
				82FBAE482674BB55000D8E29 /* ChartViewModel.swift */,
				8214939F2694C349007A21C8 /* ProfileViewModel.swift */,
				82C282EB26A370D2000E5F41 /* ScobbledTrackViewModel.swift */,
				82D5B4D12696DBD700716931 /* ScrobblesViewModel.swift */,
				82F0D54C2697AAC7007CEA98 /* SearchViewModel.swift */,
				8226AB2126998A86007ECE5F /* TopCountryViewModel.swift */,
				82BBD2472698B37F009B42FC /* TrendsViewModel.swift */,
			);
			path = ViewModel;
			sourceTree = "<group>";
		};
/* End PBXGroup section */

/* Begin PBXNativeTarget section */
		82844DFC2673991F00578DD4 /* firstfm */ = {
			isa = PBXNativeTarget;
			buildConfigurationList = 82844E0C2673992200578DD4 /* Build configuration list for PBXNativeTarget "firstfm" */;
			buildPhases = (
				82844DF92673991F00578DD4 /* Sources */,
				4A69AF8826A3B66200DD2CDC /* Lint */,
				82844DFA2673991F00578DD4 /* Frameworks */,
				82844DFB2673991F00578DD4 /* Resources */,
			);
			buildRules = (
			);
			dependencies = (
			);
			name = firstfm;
			packageProductDependencies = (
				82505CE32675178B00CCCB58 /* Kingfisher */,
				82E80C38269777C60098DC3C /* SwiftUIRefresh */,
				8253DC0B26A0E10100F5F426 /* NotificationBannerSwift */,
				825F0F8326A48597007BA84B /* FancyScrollView */,
				825F0FAE26A60E5C007BA84B /* Valet */,
				825F0FB926A61ED2007BA84B /* Cache */,
			);
			productName = firstfm;
			productReference = 82844DFD2673991F00578DD4 /* firstfm.app */;
			productType = "com.apple.product-type.application";
		};
/* End PBXNativeTarget section */

/* Begin PBXProject section */
		82844DF52673991F00578DD4 /* Project object */ = {
			isa = PBXProject;
			attributes = {
				LastSwiftUpdateCheck = 1250;
				LastUpgradeCheck = 1250;
				TargetAttributes = {
					82844DFC2673991F00578DD4 = {
						CreatedOnToolsVersion = 12.5;
					};
				};
			};
			buildConfigurationList = 82844DF82673991F00578DD4 /* Build configuration list for PBXProject "firstfm" */;
			compatibilityVersion = "Xcode 9.3";
			developmentRegion = en;
			hasScannedForEncodings = 0;
			knownRegions = (
				en,
				Base,
			);
			mainGroup = 82844DF42673991F00578DD4;
			packageReferences = (
				82505CE22675178B00CCCB58 /* XCRemoteSwiftPackageReference "Kingfisher" */,
				82E80C37269777C50098DC3C /* XCRemoteSwiftPackageReference "SwiftUIRefresh" */,
				8253DC0A26A0E10100F5F426 /* XCRemoteSwiftPackageReference "NotificationBanner" */,
				825F0F8226A48597007BA84B /* XCRemoteSwiftPackageReference "FancyScrollView" */,
				825F0F8526A48C9C007BA84B /* XCRemoteSwiftPackageReference "SwiftUI-Introspect" */,
				825F0FAD26A60E5C007BA84B /* XCRemoteSwiftPackageReference "Valet" */,
				825F0FB826A61ED2007BA84B /* XCRemoteSwiftPackageReference "Cache" */,
			);
			productRefGroup = 82844DFE2673991F00578DD4 /* Products */;
			projectDirPath = "";
			projectRoot = "";
			targets = (
				82844DFC2673991F00578DD4 /* firstfm */,
			);
		};
/* End PBXProject section */

/* Begin PBXResourcesBuildPhase section */
		82844DFB2673991F00578DD4 /* Resources */ = {
			isa = PBXResourcesBuildPhase;
			buildActionMask = 2147483647;
			files = (
				82844E082673992200578DD4 /* Preview Assets.xcassets in Resources */,
				82A006C3267973D30009BD71 /* SampleArtist.json in Resources */,
				82844E052673992200578DD4 /* Assets.xcassets in Resources */,
			);
			runOnlyForDeploymentPostprocessing = 0;
		};
/* End PBXResourcesBuildPhase section */

/* Begin PBXShellScriptBuildPhase section */
		4A69AF8826A3B66200DD2CDC /* Lint */ = {
			isa = PBXShellScriptBuildPhase;
			buildActionMask = 2147483647;
			files = (
			);
			inputFileListPaths = (
			);
			inputPaths = (
			);
			name = Lint;
			outputFileListPaths = (
			);
			outputPaths = (
			);
			runOnlyForDeploymentPostprocessing = 0;
			shellPath = /bin/sh;
			shellScript = "if which swiftlint >/dev/null; then\n  swiftlint\nelse\n  echo \"warning: SwiftLint not installed, download from https://github.com/realm/SwiftLint\"\nfi\n";
		};
/* End PBXShellScriptBuildPhase section */

/* Begin PBXSourcesBuildPhase section */
		82844DF92673991F00578DD4 /* Sources */ = {
			isa = PBXSourcesBuildPhase;
			buildActionMask = 2147483647;
			files = (
				825F0FA126A5EDBB007BA84B /* ArtistSearchResponse.swift in Sources */,
				82C282E426A32B07000E5F41 /* FriendsView.swift in Sources */,
				825F0F9C26A5EABE007BA84B /* SpotifyArtist.swift in Sources */,
				8214939D2694A4C2007A21C8 /* LoginGuardView.swift in Sources */,
				821493A02694C349007A21C8 /* ProfileViewModel.swift in Sources */,
				82FBAE492674BB55000D8E29 /* ChartViewModel.swift in Sources */,
				821493A22694C38E007A21C8 /* User.swift in Sources */,
				825F0FC726A74632007BA84B /* SimilarArtistsView.swift in Sources */,
				820455DA267A72390009A418 /* SpotifyToken.swift in Sources */,
				82505CE12675074E00CCCB58 /* ContentView.swift in Sources */,
				8226AB2426998FAB007ECE5F /* TopCountryArtistsResponse.swift in Sources */,
				82505CE92675368400CCCB58 /* LastFMImage.swift in Sources */,
				825F0FB126A60FD0007BA84B /* Keychain.swift in Sources */,
				82A006BA267963010009BD71 /* TopTrackResponse.swift in Sources */,
				82FBAE4C2674BCB7000D8E29 /* TopArtistsResponse.swift in Sources */,
				825F0F9326A5E90C007BA84B /* Tag.swift in Sources */,
				825F0FBF26A6F4D0007BA84B /* TintOverlayView.swift in Sources */,
				825F0F9526A5E938007BA84B /* ArtistStats.swift in Sources */,
				825F0F9126A5E8F5007BA84B /* SimilarArtist.swift in Sources */,
				82C282EC26A370D2000E5F41 /* ScobbledTrackViewModel.swift in Sources */,
				82505CE02675074E00CCCB58 /* ChartListView.swift in Sources */,
				825F0F9E26A5EAE7007BA84B /* SpotifyAlbum.swift in Sources */,
				82D5B4D42696DC7800716931 /* RecentTracksResponse.swift in Sources */,
				4A69011C26A34962001561C8 /* ArtistTopTracksResponse.swift in Sources */,
				82A006C1267963BB0009BD71 /* SpotifyImage.swift in Sources */,
				82C282E026A2E474000E5F41 /* LoginResponse.swift in Sources */,
				822E9A8A26A89BFE00C5307B /* UserTopArtistsResponse.swift in Sources */,
				4A56027A26A3B17800E6C315 /* AlbumRow.swift in Sources */,
				82FBAE472674B8FC000D8E29 /* Artist.swift in Sources */,
				825F0F8B26A5B6E1007BA84B /* NumberFormat.swift in Sources */,
				825F0FA926A5F122007BA84B /* LogoutButton.swift in Sources */,
				4A69011826A344FD001561C8 /* ArtistAlbum.swift in Sources */,
				82D5B4D02696DB8500716931 /* ScrobblesView.swift in Sources */,
				825F0FC326A721F7007BA84B /* TopArtistTracksView.swift in Sources */,
				82505CDF2675074E00CCCB58 /* ArtistRow.swift in Sources */,
				82D5B4D62696E0E100716931 /* ScrobbledTrackRowView.swift in Sources */,
				82A006C526797C3E0009BD71 /* SearchView.swift in Sources */,
				821493A42694C427007A21C8 /* UserInfoResponse.swift in Sources */,
				82C282EA26A3354E000E5F41 /* FriendRow.swift in Sources */,
				82844E012673991F00578DD4 /* FirstfmApp.swift in Sources */,
				825F0F8D26A5E8BB007BA84B /* ArtistInfo.swift in Sources */,
				82A006B6267960710009BD71 /* TrackRowView.swift in Sources */,
				82A006B8267960D90009BD71 /* Track.swift in Sources */,
				825F0FA026A5EC82007BA84B /* Session.swift in Sources */,
				82505CE72675300400CCCB58 /* SpotifyArtistSearchResponse.swift in Sources */,
				82BBD2482698B37F009B42FC /* TrendsViewModel.swift in Sources */,
				82F0D54D2697AAC7007CEA98 /* SearchViewModel.swift in Sources */,
				82D5B4D22696DBD700716931 /* ScrobblesViewModel.swift in Sources */,
				82A006BE2679636F0009BD71 /* SpotifyTrackSearchResponse.swift in Sources */,
				825F0FC126A6F72F007BA84B /* ArtistInfoView.swift in Sources */,
				82BBD2462698B13B009B42FC /* Country.swift in Sources */,
				4A69012626A3A08F001561C8 /* SpotifyAlbumSearchResponse.swift in Sources */,
				82C282E226A31CFD000E5F41 /* StringMD5.swift in Sources */,
				825F0F8926A4B2E0007BA84B /* ArtistInfoResponse.swift in Sources */,
				82C282E826A3332E000E5F41 /* FriendsResponse.swift in Sources */,
				822E9A8C26A8CFAC00C5307B /* TrackView.swift in Sources */,
				820455E0267ABC930009A418 /* AuthViewModel.swift in Sources */,
				825F0FC526A74539007BA84B /* TopArtistAlbumsView.swift in Sources */,
				4A8C296126983B7300F55ECC /* LastFMAPI.swift in Sources */,
				82BBD24A2698C33D009B42FC /* TopCountryView.swift in Sources */,
				820455DC267AA8E70009A418 /* LoginView.swift in Sources */,
				820455DE267AB7D70009A418 /* ProfileView.swift in Sources */,
				825F0F8F26A5E8D3007BA84B /* ArtistBio.swift in Sources */,
				82C282E626A32E94000E5F41 /* Friend.swift in Sources */,
				8226AB2226998A86007ECE5F /* TopCountryViewModel.swift in Sources */,
				4A69011A26A347C4001561C8 /* ArtistTopAlbumsResponse.swift in Sources */,
				4A69011626A34477001561C8 /* ArtistViewModel.swift in Sources */,
				82861BE526984FBA009E52AC /* TrendsMapView.swift in Sources */,
				826CBA992678EB8800B11170 /* ArtistView.swift in Sources */,
			);
			runOnlyForDeploymentPostprocessing = 0;
		};
/* End PBXSourcesBuildPhase section */

/* Begin XCBuildConfiguration section */
		82844E0A2673992200578DD4 /* Debug */ = {
			isa = XCBuildConfiguration;
			buildSettings = {
				ALWAYS_SEARCH_USER_PATHS = NO;
				CLANG_ANALYZER_NONNULL = YES;
				CLANG_ANALYZER_NUMBER_OBJECT_CONVERSION = YES_AGGRESSIVE;
				CLANG_CXX_LANGUAGE_STANDARD = "gnu++14";
				CLANG_CXX_LIBRARY = "libc++";
				CLANG_ENABLE_MODULES = YES;
				CLANG_ENABLE_OBJC_ARC = YES;
				CLANG_ENABLE_OBJC_WEAK = YES;
				CLANG_WARN_BLOCK_CAPTURE_AUTORELEASING = YES;
				CLANG_WARN_BOOL_CONVERSION = YES;
				CLANG_WARN_COMMA = YES;
				CLANG_WARN_CONSTANT_CONVERSION = YES;
				CLANG_WARN_DEPRECATED_OBJC_IMPLEMENTATIONS = YES;
				CLANG_WARN_DIRECT_OBJC_ISA_USAGE = YES_ERROR;
				CLANG_WARN_DOCUMENTATION_COMMENTS = YES;
				CLANG_WARN_EMPTY_BODY = YES;
				CLANG_WARN_ENUM_CONVERSION = YES;
				CLANG_WARN_INFINITE_RECURSION = YES;
				CLANG_WARN_INT_CONVERSION = YES;
				CLANG_WARN_NON_LITERAL_NULL_CONVERSION = YES;
				CLANG_WARN_OBJC_IMPLICIT_RETAIN_SELF = YES;
				CLANG_WARN_OBJC_LITERAL_CONVERSION = YES;
				CLANG_WARN_OBJC_ROOT_CLASS = YES_ERROR;
				CLANG_WARN_QUOTED_INCLUDE_IN_FRAMEWORK_HEADER = YES;
				CLANG_WARN_RANGE_LOOP_ANALYSIS = YES;
				CLANG_WARN_STRICT_PROTOTYPES = YES;
				CLANG_WARN_SUSPICIOUS_MOVE = YES;
				CLANG_WARN_UNGUARDED_AVAILABILITY = YES_AGGRESSIVE;
				CLANG_WARN_UNREACHABLE_CODE = YES;
				CLANG_WARN__DUPLICATE_METHOD_MATCH = YES;
				COPY_PHASE_STRIP = NO;
				DEBUG_INFORMATION_FORMAT = dwarf;
				ENABLE_STRICT_OBJC_MSGSEND = YES;
				ENABLE_TESTABILITY = YES;
				GCC_C_LANGUAGE_STANDARD = gnu11;
				GCC_DYNAMIC_NO_PIC = NO;
				GCC_NO_COMMON_BLOCKS = YES;
				GCC_OPTIMIZATION_LEVEL = 0;
				GCC_PREPROCESSOR_DEFINITIONS = (
					"DEBUG=1",
					"$(inherited)",
				);
				GCC_WARN_64_TO_32_BIT_CONVERSION = YES;
				GCC_WARN_ABOUT_DEPRECATED_FUNCTIONS = YES;
				GCC_WARN_ABOUT_RETURN_TYPE = YES_ERROR;
				GCC_WARN_UNDECLARED_SELECTOR = YES;
				GCC_WARN_UNINITIALIZED_AUTOS = YES_AGGRESSIVE;
				GCC_WARN_UNUSED_FUNCTION = YES;
				GCC_WARN_UNUSED_VARIABLE = YES;
				IPHONEOS_DEPLOYMENT_TARGET = 14.7;
				MTL_ENABLE_DEBUG_INFO = INCLUDE_SOURCE;
				MTL_FAST_MATH = YES;
				ONLY_ACTIVE_ARCH = YES;
				SDKROOT = iphoneos;
				SWIFT_ACTIVE_COMPILATION_CONDITIONS = DEBUG;
				SWIFT_OPTIMIZATION_LEVEL = "-Onone";
				SWIFT_VERSION = 5.0;
				TARGETED_DEVICE_FAMILY = "1,2";
			};
			name = Debug;
		};
		82844E0B2673992200578DD4 /* Release */ = {
			isa = XCBuildConfiguration;
			buildSettings = {
				ALWAYS_SEARCH_USER_PATHS = NO;
				CLANG_ANALYZER_NONNULL = YES;
				CLANG_ANALYZER_NUMBER_OBJECT_CONVERSION = YES_AGGRESSIVE;
				CLANG_CXX_LANGUAGE_STANDARD = "gnu++14";
				CLANG_CXX_LIBRARY = "libc++";
				CLANG_ENABLE_MODULES = YES;
				CLANG_ENABLE_OBJC_ARC = YES;
				CLANG_ENABLE_OBJC_WEAK = YES;
				CLANG_WARN_BLOCK_CAPTURE_AUTORELEASING = YES;
				CLANG_WARN_BOOL_CONVERSION = YES;
				CLANG_WARN_COMMA = YES;
				CLANG_WARN_CONSTANT_CONVERSION = YES;
				CLANG_WARN_DEPRECATED_OBJC_IMPLEMENTATIONS = YES;
				CLANG_WARN_DIRECT_OBJC_ISA_USAGE = YES_ERROR;
				CLANG_WARN_DOCUMENTATION_COMMENTS = YES;
				CLANG_WARN_EMPTY_BODY = YES;
				CLANG_WARN_ENUM_CONVERSION = YES;
				CLANG_WARN_INFINITE_RECURSION = YES;
				CLANG_WARN_INT_CONVERSION = YES;
				CLANG_WARN_NON_LITERAL_NULL_CONVERSION = YES;
				CLANG_WARN_OBJC_IMPLICIT_RETAIN_SELF = YES;
				CLANG_WARN_OBJC_LITERAL_CONVERSION = YES;
				CLANG_WARN_OBJC_ROOT_CLASS = YES_ERROR;
				CLANG_WARN_QUOTED_INCLUDE_IN_FRAMEWORK_HEADER = YES;
				CLANG_WARN_RANGE_LOOP_ANALYSIS = YES;
				CLANG_WARN_STRICT_PROTOTYPES = YES;
				CLANG_WARN_SUSPICIOUS_MOVE = YES;
				CLANG_WARN_UNGUARDED_AVAILABILITY = YES_AGGRESSIVE;
				CLANG_WARN_UNREACHABLE_CODE = YES;
				CLANG_WARN__DUPLICATE_METHOD_MATCH = YES;
				COPY_PHASE_STRIP = NO;
				DEBUG_INFORMATION_FORMAT = "dwarf-with-dsym";
				ENABLE_NS_ASSERTIONS = NO;
				ENABLE_STRICT_OBJC_MSGSEND = YES;
				GCC_C_LANGUAGE_STANDARD = gnu11;
				GCC_NO_COMMON_BLOCKS = YES;
				GCC_WARN_64_TO_32_BIT_CONVERSION = YES;
				GCC_WARN_ABOUT_DEPRECATED_FUNCTIONS = YES;
				GCC_WARN_ABOUT_RETURN_TYPE = YES_ERROR;
				GCC_WARN_UNDECLARED_SELECTOR = YES;
				GCC_WARN_UNINITIALIZED_AUTOS = YES_AGGRESSIVE;
				GCC_WARN_UNUSED_FUNCTION = YES;
				GCC_WARN_UNUSED_VARIABLE = YES;
				IPHONEOS_DEPLOYMENT_TARGET = 14.7;
				MTL_ENABLE_DEBUG_INFO = NO;
				MTL_FAST_MATH = YES;
				SDKROOT = iphoneos;
				SWIFT_COMPILATION_MODE = wholemodule;
				SWIFT_OPTIMIZATION_LEVEL = "-O";
				SWIFT_VERSION = 5.0;
				TARGETED_DEVICE_FAMILY = "1,2";
				VALIDATE_PRODUCT = YES;
			};
			name = Release;
		};
		82844E0D2673992200578DD4 /* Debug */ = {
			isa = XCBuildConfiguration;
			buildSettings = {
				ASSETCATALOG_COMPILER_APPICON_NAME = AppIcon;
				ASSETCATALOG_COMPILER_GLOBAL_ACCENT_COLOR_NAME = AccentColor;
				CODE_SIGN_STYLE = Automatic;
				DEVELOPMENT_ASSET_PATHS = "\"firstfm/Preview Content\"";
				DEVELOPMENT_TEAM = 8ZMUZY4VF3;
				ENABLE_PREVIEWS = YES;
				INFOPLIST_FILE = firstfm/Info.plist;
				IPHONEOS_DEPLOYMENT_TARGET = 14.0;
				LAST_FM_KEY = d404c94c63e190519d70002332f09509;
				LAST_FM_SHARED_SECRET = e4e1eb5bf14d2418f51ed6ea6ae5d91a;
				LD_RUNPATH_SEARCH_PATHS = (
					"$(inherited)",
					"@executable_path/Frameworks",
				);
				PRODUCT_BUNDLE_IDENTIFIER = fr.esgi.firstfm;
				PRODUCT_NAME = "$(TARGET_NAME)";
				SPOTIFY_API_TOKEN = YjBhNzA1N2M5MGNlNGNiZGI2Njc5N2I4Zjk0MDg5ODg6MDlhNGY4YzVkMmJlNGI0Mjg3ZWRlMTVmYmNhZjBlNzM;
				SWIFT_VERSION = 5.0;
				TARGETED_DEVICE_FAMILY = 1;
			};
			name = Debug;
		};
		82844E0E2673992200578DD4 /* Release */ = {
			isa = XCBuildConfiguration;
			buildSettings = {
				ASSETCATALOG_COMPILER_APPICON_NAME = AppIcon;
				ASSETCATALOG_COMPILER_GLOBAL_ACCENT_COLOR_NAME = AccentColor;
				CODE_SIGN_STYLE = Automatic;
				DEVELOPMENT_ASSET_PATHS = "\"firstfm/Preview Content\"";
				DEVELOPMENT_TEAM = 8ZMUZY4VF3;
				ENABLE_PREVIEWS = YES;
				INFOPLIST_FILE = firstfm/Info.plist;
				IPHONEOS_DEPLOYMENT_TARGET = 14.0;
				LAST_FM_KEY = d404c94c63e190519d70002332f09509;
				LAST_FM_SHARED_SECRET = e4e1eb5bf14d2418f51ed6ea6ae5d91a;
				LD_RUNPATH_SEARCH_PATHS = (
					"$(inherited)",
					"@executable_path/Frameworks",
				);
				PRODUCT_BUNDLE_IDENTIFIER = fr.esgi.firstfm;
				PRODUCT_NAME = "$(TARGET_NAME)";
				SPOTIFY_API_TOKEN = YjBhNzA1N2M5MGNlNGNiZGI2Njc5N2I4Zjk0MDg5ODg6MDlhNGY4YzVkMmJlNGI0Mjg3ZWRlMTVmYmNhZjBlNzM;
				SWIFT_VERSION = 5.0;
				TARGETED_DEVICE_FAMILY = 1;
			};
			name = Release;
		};
/* End XCBuildConfiguration section */

/* Begin XCConfigurationList section */
		82844DF82673991F00578DD4 /* Build configuration list for PBXProject "firstfm" */ = {
			isa = XCConfigurationList;
			buildConfigurations = (
				82844E0A2673992200578DD4 /* Debug */,
				82844E0B2673992200578DD4 /* Release */,
			);
			defaultConfigurationIsVisible = 0;
			defaultConfigurationName = Release;
		};
		82844E0C2673992200578DD4 /* Build configuration list for PBXNativeTarget "firstfm" */ = {
			isa = XCConfigurationList;
			buildConfigurations = (
				82844E0D2673992200578DD4 /* Debug */,
				82844E0E2673992200578DD4 /* Release */,
			);
			defaultConfigurationIsVisible = 0;
			defaultConfigurationName = Release;
		};
/* End XCConfigurationList section */

/* Begin XCRemoteSwiftPackageReference section */
		82505CE22675178B00CCCB58 /* XCRemoteSwiftPackageReference "Kingfisher" */ = {
			isa = XCRemoteSwiftPackageReference;
			repositoryURL = "https://github.com/onevcat/Kingfisher";
			requirement = {
				kind = upToNextMajorVersion;
				minimumVersion = 6.3.0;
			};
		};
		8253DC0A26A0E10100F5F426 /* XCRemoteSwiftPackageReference "NotificationBanner" */ = {
			isa = XCRemoteSwiftPackageReference;
			repositoryURL = "https://github.com/eenwak/NotificationBanner";
			requirement = {
				kind = upToNextMajorVersion;
				minimumVersion = 3.0.7;
			};
		};
		825F0F8226A48597007BA84B /* XCRemoteSwiftPackageReference "FancyScrollView" */ = {
			isa = XCRemoteSwiftPackageReference;
			repositoryURL = "https://github.com/nerdsupremacist/FancyScrollView.git";
			requirement = {
				kind = upToNextMajorVersion;
				minimumVersion = 0.1.3;
			};
		};
		825F0F8526A48C9C007BA84B /* XCRemoteSwiftPackageReference "SwiftUI-Introspect" */ = {
			isa = XCRemoteSwiftPackageReference;
			repositoryURL = "https://github.com/siteline/SwiftUI-Introspect.git";
			requirement = {
				kind = upToNextMajorVersion;
				minimumVersion = 0.1.3;
			};
		};
		825F0FAD26A60E5C007BA84B /* XCRemoteSwiftPackageReference "Valet" */ = {
			isa = XCRemoteSwiftPackageReference;
			repositoryURL = "https://github.com/square/Valet.git";
			requirement = {
				kind = upToNextMajorVersion;
				minimumVersion = 4.0.0;
			};
		};
		825F0FB826A61ED2007BA84B /* XCRemoteSwiftPackageReference "Cache" */ = {
			isa = XCRemoteSwiftPackageReference;
			repositoryURL = "https://github.com/hyperoslo/Cache.git";
			requirement = {
				kind = upToNextMajorVersion;
				minimumVersion = 6.0.0;
			};
		};
		82E80C37269777C50098DC3C /* XCRemoteSwiftPackageReference "SwiftUIRefresh" */ = {
			isa = XCRemoteSwiftPackageReference;
			repositoryURL = "https://github.com/timbersoftware/SwiftUIRefresh.git";
			requirement = {
				kind = upToNextMajorVersion;
				minimumVersion = 0.0.3;
			};
		};
/* End XCRemoteSwiftPackageReference section */

/* Begin XCSwiftPackageProductDependency section */
		82505CE32675178B00CCCB58 /* Kingfisher */ = {
			isa = XCSwiftPackageProductDependency;
			package = 82505CE22675178B00CCCB58 /* XCRemoteSwiftPackageReference "Kingfisher" */;
			productName = Kingfisher;
		};
		8253DC0B26A0E10100F5F426 /* NotificationBannerSwift */ = {
			isa = XCSwiftPackageProductDependency;
			package = 8253DC0A26A0E10100F5F426 /* XCRemoteSwiftPackageReference "NotificationBanner" */;
			productName = NotificationBannerSwift;
		};
		825F0F8326A48597007BA84B /* FancyScrollView */ = {
			isa = XCSwiftPackageProductDependency;
			package = 825F0F8226A48597007BA84B /* XCRemoteSwiftPackageReference "FancyScrollView" */;
			productName = FancyScrollView;
		};
		825F0FAE26A60E5C007BA84B /* Valet */ = {
			isa = XCSwiftPackageProductDependency;
			package = 825F0FAD26A60E5C007BA84B /* XCRemoteSwiftPackageReference "Valet" */;
			productName = Valet;
		};
		825F0FB926A61ED2007BA84B /* Cache */ = {
			isa = XCSwiftPackageProductDependency;
			package = 825F0FB826A61ED2007BA84B /* XCRemoteSwiftPackageReference "Cache" */;
			productName = Cache;
		};
		82E80C38269777C60098DC3C /* SwiftUIRefresh */ = {
			isa = XCSwiftPackageProductDependency;
			package = 82E80C37269777C50098DC3C /* XCRemoteSwiftPackageReference "SwiftUIRefresh" */;
			productName = SwiftUIRefresh;
		};
/* End XCSwiftPackageProductDependency section */
	};
	rootObject = 82844DF52673991F00578DD4 /* Project object */;
}
